// !$*UTF8*$!
{
	archiveVersion = 1;
	classes = {
	};
	objectVersion = 55;
	objects = {

/* Begin PBXBuildFile section */
		13957D77296DF08F00D176DE /* AppDelegate.swift in Sources */ = {isa = PBXBuildFile; fileRef = 13957D76296DF08F00D176DE /* AppDelegate.swift */; };
		13957D79296DF08F00D176DE /* SceneDelegate.swift in Sources */ = {isa = PBXBuildFile; fileRef = 13957D78296DF08F00D176DE /* SceneDelegate.swift */; };
		13957D7B296DF08F00D176DE /* ViewController.swift in Sources */ = {isa = PBXBuildFile; fileRef = 13957D7A296DF08F00D176DE /* ViewController.swift */; };
		13957D7E296DF08F00D176DE /* Main.storyboard in Resources */ = {isa = PBXBuildFile; fileRef = 13957D7C296DF08F00D176DE /* Main.storyboard */; };
		13957D80296DF09000D176DE /* Assets.xcassets in Resources */ = {isa = PBXBuildFile; fileRef = 13957D7F296DF09000D176DE /* Assets.xcassets */; };
		13957D83296DF09000D176DE /* LaunchScreen.storyboard in Resources */ = {isa = PBXBuildFile; fileRef = 13957D81296DF09000D176DE /* LaunchScreen.storyboard */; };
		13B48CB0297F028E00905D44 /* House.swift in Sources */ = {isa = PBXBuildFile; fileRef = 13B48CAF297F028E00905D44 /* House.swift */; };
		13B48CB4297F0C8600905D44 /* HousePriceModel.mlmodel .mlmodel in Sources */ = {isa = PBXBuildFile; fileRef = 13B48CB3297F0C8600905D44 /* HousePriceModel.mlmodel .mlmodel */; };
		13CDC484297719D800A01E19 /* PageViewController.swift in Sources */ = {isa = PBXBuildFile; fileRef = 13CDC483297719D800A01E19 /* PageViewController.swift */; };
/* End PBXBuildFile section */

/* Begin PBXFileReference section */
		13957D73296DF08F00D176DE /* ThePriceIsRight.app */ = {isa = PBXFileReference; explicitFileType = wrapper.application; includeInIndex = 0; path = ThePriceIsRight.app; sourceTree = BUILT_PRODUCTS_DIR; };
		13957D76296DF08F00D176DE /* AppDelegate.swift */ = {isa = PBXFileReference; lastKnownFileType = sourcecode.swift; path = AppDelegate.swift; sourceTree = "<group>"; };
		13957D78296DF08F00D176DE /* SceneDelegate.swift */ = {isa = PBXFileReference; lastKnownFileType = sourcecode.swift; path = SceneDelegate.swift; sourceTree = "<group>"; };
		13957D7A296DF08F00D176DE /* ViewController.swift */ = {isa = PBXFileReference; lastKnownFileType = sourcecode.swift; path = ViewController.swift; sourceTree = "<group>"; };
		13957D7D296DF08F00D176DE /* Base */ = {isa = PBXFileReference; lastKnownFileType = file.storyboard; name = Base; path = Base.lproj/Main.storyboard; sourceTree = "<group>"; };
		13957D7F296DF09000D176DE /* Assets.xcassets */ = {isa = PBXFileReference; lastKnownFileType = folder.assetcatalog; path = Assets.xcassets; sourceTree = "<group>"; };
		13957D82296DF09000D176DE /* Base */ = {isa = PBXFileReference; lastKnownFileType = file.storyboard; name = Base; path = Base.lproj/LaunchScreen.storyboard; sourceTree = "<group>"; };
		13957D84296DF09000D176DE /* Info.plist */ = {isa = PBXFileReference; lastKnownFileType = text.plist.xml; path = Info.plist; sourceTree = "<group>"; };
		13B48CAF297F028E00905D44 /* House.swift */ = {isa = PBXFileReference; lastKnownFileType = sourcecode.swift; path = House.swift; sourceTree = "<group>"; };
		13B48CB3297F0C8600905D44 /* HousePriceModel.mlmodel .mlmodel */ = {isa = PBXFileReference; lastKnownFileType = file.mlmodel; path = "HousePriceModel.mlmodel .mlmodel"; sourceTree = "<group>"; };
		13CDC483297719D800A01E19 /* PageViewController.swift */ = {isa = PBXFileReference; lastKnownFileType = sourcecode.swift; path = PageViewController.swift; sourceTree = "<group>"; };
/* End PBXFileReference section */

/* Begin PBXFrameworksBuildPhase section */
		13957D70296DF08F00D176DE /* Frameworks */ = {
			isa = PBXFrameworksBuildPhase;
			buildActionMask = 2147483647;
			files = (
			);
			runOnlyForDeploymentPostprocessing = 0;
		};
/* End PBXFrameworksBuildPhase section */

/* Begin PBXGroup section */
		13957D6A296DF08F00D176DE = {
			isa = PBXGroup;
			children = (
				13957D75296DF08F00D176DE /* ThePriceIsRight */,
				13957D74296DF08F00D176DE /* Products */,
			);
			sourceTree = "<group>";
		};
		13957D74296DF08F00D176DE /* Products */ = {
			isa = PBXGroup;
			children = (
				13957D73296DF08F00D176DE /* ThePriceIsRight.app */,
			);
			name = Products;
			sourceTree = "<group>";
		};
		13957D75296DF08F00D176DE /* ThePriceIsRight */ = {
			isa = PBXGroup;
			children = (
				13957D8C296DF12F00D176DE /* Controller */,
				13957D8A296DF11A00D176DE /* Model */,
				13957D8B296DF12400D176DE /* View */,
				13957D8D296DF13800D176DE /* SupportingFiles */,
			);
			path = ThePriceIsRight;
			sourceTree = "<group>";
		};
		13957D8A296DF11A00D176DE /* Model */ = {
			isa = PBXGroup;
			children = (
				13B48CAF297F028E00905D44 /* House.swift */,
			);
			path = Model;
			sourceTree = "<group>";
		};
		13957D8B296DF12400D176DE /* View */ = {
			isa = PBXGroup;
			children = (
				13957D7C296DF08F00D176DE /* Main.storyboard */,
				13957D81296DF09000D176DE /* LaunchScreen.storyboard */,
			);
			path = View;
			sourceTree = "<group>";
		};
		13957D8C296DF12F00D176DE /* Controller */ = {
			isa = PBXGroup;
			children = (
				13957D76296DF08F00D176DE /* AppDelegate.swift */,
				13957D78296DF08F00D176DE /* SceneDelegate.swift */,
				13957D7A296DF08F00D176DE /* ViewController.swift */,
				13CDC483297719D800A01E19 /* PageViewController.swift */,
			);
			path = Controller;
			sourceTree = "<group>";
		};
		13957D8D296DF13800D176DE /* SupportingFiles */ = {
			isa = PBXGroup;
			children = (
				13B48CB3297F0C8600905D44 /* HousePriceModel.mlmodel .mlmodel */,
				13957D7F296DF09000D176DE /* Assets.xcassets */,
				13957D84296DF09000D176DE /* Info.plist */,
			);
			path = SupportingFiles;
			sourceTree = "<group>";
		};
/* End PBXGroup section */

/* Begin PBXNativeTarget section */
		13957D72296DF08F00D176DE /* ThePriceIsRight */ = {
			isa = PBXNativeTarget;
			buildConfigurationList = 13957D87296DF09000D176DE /* Build configuration list for PBXNativeTarget "ThePriceIsRight" */;
			buildPhases = (
				13957D6F296DF08F00D176DE /* Sources */,
				13957D70296DF08F00D176DE /* Frameworks */,
				13957D71296DF08F00D176DE /* Resources */,
			);
			buildRules = (
			);
			dependencies = (
			);
			name = ThePriceIsRight;
			productName = "08-ThePriceIsRight";
			productReference = 13957D73296DF08F00D176DE /* ThePriceIsRight.app */;
			productType = "com.apple.product-type.application";
		};
/* End PBXNativeTarget section */

/* Begin PBXProject section */
		13957D6B296DF08F00D176DE /* Project object */ = {
			isa = PBXProject;
			attributes = {
				BuildIndependentTargetsInParallel = 1;
				LastSwiftUpdateCheck = 1340;
				LastUpgradeCheck = 1340;
				TargetAttributes = {
					13957D72296DF08F00D176DE = {
						CreatedOnToolsVersion = 13.4.1;
					};
				};
			};
			buildConfigurationList = 13957D6E296DF08F00D176DE /* Build configuration list for PBXProject "ThePriceIsRight" */;
			compatibilityVersion = "Xcode 13.0";
			developmentRegion = en;
			hasScannedForEncodings = 0;
			knownRegions = (
				en,
				Base,
			);
			mainGroup = 13957D6A296DF08F00D176DE;
			productRefGroup = 13957D74296DF08F00D176DE /* Products */;
			projectDirPath = "";
			projectRoot = "";
			targets = (
				13957D72296DF08F00D176DE /* ThePriceIsRight */,
			);
		};
/* End PBXProject section */

/* Begin PBXResourcesBuildPhase section */
		13957D71296DF08F00D176DE /* Resources */ = {
			isa = PBXResourcesBuildPhase;
			buildActionMask = 2147483647;
			files = (
				13957D83296DF09000D176DE /* LaunchScreen.storyboard in Resources */,
				13957D80296DF09000D176DE /* Assets.xcassets in Resources */,
				13957D7E296DF08F00D176DE /* Main.storyboard in Resources */,
			);
			runOnlyForDeploymentPostprocessing = 0;
		};
/* End PBXResourcesBuildPhase section */

/* Begin PBXSourcesBuildPhase section */
		13957D6F296DF08F00D176DE /* Sources */ = {
			isa = PBXSourcesBuildPhase;
			buildActionMask = 2147483647;
			files = (
				13957D7B296DF08F00D176DE /* ViewController.swift in Sources */,
				13957D77296DF08F00D176DE /* AppDelegate.swift in Sources */,
				13B48CB4297F0C8600905D44 /* HousePriceModel.mlmodel .mlmodel in Sources */,
				13957D79296DF08F00D176DE /* SceneDelegate.swift in Sources */,
				13B48CB0297F028E00905D44 /* House.swift in Sources */,
				13CDC484297719D800A01E19 /* PageViewController.swift in Sources */,
			);
			runOnlyForDeploymentPostprocessing = 0;
		};
/* End PBXSourcesBuildPhase section */

/* Begin PBXVariantGroup section */
		13957D7C296DF08F00D176DE /* Main.storyboard */ = {
			isa = PBXVariantGroup;
			children = (
				13957D7D296DF08F00D176DE /* Base */,
			);
			name = Main.storyboard;
			sourceTree = "<group>";
		};
		13957D81296DF09000D176DE /* LaunchScreen.storyboard */ = {
			isa = PBXVariantGroup;
			children = (
				13957D82296DF09000D176DE /* Base */,
			);
			name = LaunchScreen.storyboard;
			sourceTree = "<group>";
		};
/* End PBXVariantGroup section */

/* Begin XCBuildConfiguration section */
		13957D85296DF09000D176DE /* Debug */ = {
			isa = XCBuildConfiguration;
			buildSettings = {
				ALWAYS_SEARCH_USER_PATHS = NO;
				CLANG_ANALYZER_NONNULL = YES;
				CLANG_ANALYZER_NUMBER_OBJECT_CONVERSION = YES_AGGRESSIVE;
				CLANG_CXX_LANGUAGE_STANDARD = "gnu++17";
				CLANG_ENABLE_MODULES = YES;
				CLANG_ENABLE_OBJC_ARC = YES;
				CLANG_ENABLE_OBJC_WEAK = YES;
				CLANG_WARN_BLOCK_CAPTURE_AUTORELEASING = YES;
				CLANG_WARN_BOOL_CONVERSION = YES;
				CLANG_WARN_COMMA = YES;
				CLANG_WARN_CONSTANT_CONVERSION = YES;
				CLANG_WARN_DEPRECATED_OBJC_IMPLEMENTATIONS = YES;
				CLANG_WARN_DIRECT_OBJC_ISA_USAGE = YES_ERROR;
				CLANG_WARN_DOCUMENTATION_COMMENTS = YES;
				CLANG_WARN_EMPTY_BODY = YES;
				CLANG_WARN_ENUM_CONVERSION = YES;
				CLANG_WARN_INFINITE_RECURSION = YES;
				CLANG_WARN_INT_CONVERSION = YES;
				CLANG_WARN_NON_LITERAL_NULL_CONVERSION = YES;
				CLANG_WARN_OBJC_IMPLICIT_RETAIN_SELF = YES;
				CLANG_WARN_OBJC_LITERAL_CONVERSION = YES;
				CLANG_WARN_OBJC_ROOT_CLASS = YES_ERROR;
				CLANG_WARN_QUOTED_INCLUDE_IN_FRAMEWORK_HEADER = YES;
				CLANG_WARN_RANGE_LOOP_ANALYSIS = YES;
				CLANG_WARN_STRICT_PROTOTYPES = YES;
				CLANG_WARN_SUSPICIOUS_MOVE = YES;
				CLANG_WARN_UNGUARDED_AVAILABILITY = YES_AGGRESSIVE;
				CLANG_WARN_UNREACHABLE_CODE = YES;
				CLANG_WARN__DUPLICATE_METHOD_MATCH = YES;
				COPY_PHASE_STRIP = NO;
				DEBUG_INFORMATION_FORMAT = dwarf;
				ENABLE_STRICT_OBJC_MSGSEND = YES;
				ENABLE_TESTABILITY = YES;
				GCC_C_LANGUAGE_STANDARD = gnu11;
				GCC_DYNAMIC_NO_PIC = NO;
				GCC_NO_COMMON_BLOCKS = YES;
				GCC_OPTIMIZATION_LEVEL = 0;
				GCC_PREPROCESSOR_DEFINITIONS = (
					"DEBUG=1",
					"$(inherited)",
				);
				GCC_WARN_64_TO_32_BIT_CONVERSION = YES;
				GCC_WARN_ABOUT_RETURN_TYPE = YES_ERROR;
				GCC_WARN_UNDECLARED_SELECTOR = YES;
				GCC_WARN_UNINITIALIZED_AUTOS = YES_AGGRESSIVE;
				GCC_WARN_UNUSED_FUNCTION = YES;
				GCC_WARN_UNUSED_VARIABLE = YES;
				IPHONEOS_DEPLOYMENT_TARGET = 15.0;
				MTL_ENABLE_DEBUG_INFO = INCLUDE_SOURCE;
				MTL_FAST_MATH = YES;
				ONLY_ACTIVE_ARCH = YES;
				SDKROOT = iphoneos;
				SWIFT_ACTIVE_COMPILATION_CONDITIONS = DEBUG;
				SWIFT_OPTIMIZATION_LEVEL = "-Onone";
			};
			name = Debug;
		};
		13957D86296DF09000D176DE /* Release */ = {
			isa = XCBuildConfiguration;
			buildSettings = {
				ALWAYS_SEARCH_USER_PATHS = NO;
				CLANG_ANALYZER_NONNULL = YES;
				CLANG_ANALYZER_NUMBER_OBJECT_CONVERSION = YES_AGGRESSIVE;
				CLANG_CXX_LANGUAGE_STANDARD = "gnu++17";
				CLANG_ENABLE_MODULES = YES;
				CLANG_ENABLE_OBJC_ARC = YES;
				CLANG_ENABLE_OBJC_WEAK = YES;
				CLANG_WARN_BLOCK_CAPTURE_AUTORELEASING = YES;
				CLANG_WARN_BOOL_CONVERSION = YES;
				CLANG_WARN_COMMA = YES;
				CLANG_WARN_CONSTANT_CONVERSION = YES;
				CLANG_WARN_DEPRECATED_OBJC_IMPLEMENTATIONS = YES;
				CLANG_WARN_DIRECT_OBJC_ISA_USAGE = YES_ERROR;
				CLANG_WARN_DOCUMENTATION_COMMENTS = YES;
				CLANG_WARN_EMPTY_BODY = YES;
				CLANG_WARN_ENUM_CONVERSION = YES;
				CLANG_WARN_INFINITE_RECURSION = YES;
				CLANG_WARN_INT_CONVERSION = YES;
				CLANG_WARN_NON_LITERAL_NULL_CONVERSION = YES;
				CLANG_WARN_OBJC_IMPLICIT_RETAIN_SELF = YES;
				CLANG_WARN_OBJC_LITERAL_CONVERSION = YES;
				CLANG_WARN_OBJC_ROOT_CLASS = YES_ERROR;
				CLANG_WARN_QUOTED_INCLUDE_IN_FRAMEWORK_HEADER = YES;
				CLANG_WARN_RANGE_LOOP_ANALYSIS = YES;
				CLANG_WARN_STRICT_PROTOTYPES = YES;
				CLANG_WARN_SUSPICIOUS_MOVE = YES;
				CLANG_WARN_UNGUARDED_AVAILABILITY = YES_AGGRESSIVE;
				CLANG_WARN_UNREACHABLE_CODE = YES;
				CLANG_WARN__DUPLICATE_METHOD_MATCH = YES;
				COPY_PHASE_STRIP = NO;
				DEBUG_INFORMATION_FORMAT = "dwarf-with-dsym";
				ENABLE_NS_ASSERTIONS = NO;
				ENABLE_STRICT_OBJC_MSGSEND = YES;
				GCC_C_LANGUAGE_STANDARD = gnu11;
				GCC_NO_COMMON_BLOCKS = YES;
				GCC_WARN_64_TO_32_BIT_CONVERSION = YES;
				GCC_WARN_ABOUT_RETURN_TYPE = YES_ERROR;
				GCC_WARN_UNDECLARED_SELECTOR = YES;
				GCC_WARN_UNINITIALIZED_AUTOS = YES_AGGRESSIVE;
				GCC_WARN_UNUSED_FUNCTION = YES;
				GCC_WARN_UNUSED_VARIABLE = YES;
				IPHONEOS_DEPLOYMENT_TARGET = 15.0;
				MTL_ENABLE_DEBUG_INFO = NO;
				MTL_FAST_MATH = YES;
				SDKROOT = iphoneos;
				SWIFT_COMPILATION_MODE = wholemodule;
				SWIFT_OPTIMIZATION_LEVEL = "-O";
				VALIDATE_PRODUCT = YES;
			};
			name = Release;
		};
		13957D88296DF09000D176DE /* Debug */ = {
			isa = XCBuildConfiguration;
			buildSettings = {
				ASSETCATALOG_COMPILER_APPICON_NAME = AppIcon;
				ASSETCATALOG_COMPILER_GLOBAL_ACCENT_COLOR_NAME = AccentColor;
				CODE_SIGN_STYLE = Automatic;
				CURRENT_PROJECT_VERSION = 1;
				DEVELOPMENT_TEAM = QR82CC3K9G;
				GENERATE_INFOPLIST_FILE = YES;
				INFOPLIST_FILE = ThePriceIsRight/SupportingFiles/Info.plist;
				INFOPLIST_KEY_CFBundleDisplayName = "Price Right";
				INFOPLIST_KEY_UIApplicationSupportsIndirectInputEvents = YES;
				INFOPLIST_KEY_UILaunchStoryboardName = LaunchScreen;
				INFOPLIST_KEY_UIMainStoryboardFile = Main;
				INFOPLIST_KEY_UISupportedInterfaceOrientations = UIInterfaceOrientationPortrait;
				INFOPLIST_KEY_UISupportedInterfaceOrientations_iPad = "UIInterfaceOrientationPortrait UIInterfaceOrientationPortraitUpsideDown UIInterfaceOrientationLandscapeLeft UIInterfaceOrientationLandscapeRight";
				INFOPLIST_KEY_UISupportedInterfaceOrientations_iPhone = UIInterfaceOrientationPortrait;
				LD_RUNPATH_SEARCH_PATHS = (
					"$(inherited)",
					"@executable_path/Frameworks",
				);
				MARKETING_VERSION = 1.0;
				PRODUCT_BUNDLE_IDENTIFIER = com.yanunsey.ThePriceIsRight;
				PRODUCT_NAME = "$(TARGET_NAME)";
				SWIFT_EMIT_LOC_STRINGS = YES;
				SWIFT_VERSION = 5.0;
				TARGETED_DEVICE_FAMILY = 1;
			};
			name = Debug;
		};
		13957D89296DF09000D176DE /* Release */ = {
			isa = XCBuildConfiguration;
			buildSettings = {
				ASSETCATALOG_COMPILER_APPICON_NAME = AppIcon;
				ASSETCATALOG_COMPILER_GLOBAL_ACCENT_COLOR_NAME = AccentColor;
				CODE_SIGN_STYLE = Automatic;
				CURRENT_PROJECT_VERSION = 1;
				DEVELOPMENT_TEAM = QR82CC3K9G;
				GENERATE_INFOPLIST_FILE = YES;
				INFOPLIST_FILE = ThePriceIsRight/SupportingFiles/Info.plist;
				INFOPLIST_KEY_CFBundleDisplayName = "Price Right";
				INFOPLIST_KEY_UIApplicationSupportsIndirectInputEvents = YES;
				INFOPLIST_KEY_UILaunchStoryboardName = LaunchScreen;
				INFOPLIST_KEY_UIMainStoryboardFile = Main;
				INFOPLIST_KEY_UISupportedInterfaceOrientations = UIInterfaceOrientationPortrait;
				INFOPLIST_KEY_UISupportedInterfaceOrientations_iPad = "UIInterfaceOrientationPortrait UIInterfaceOrientationPortraitUpsideDown UIInterfaceOrientationLandscapeLeft UIInterfaceOrientationLandscapeRight";
				INFOPLIST_KEY_UISupportedInterfaceOrientations_iPhone = UIInterfaceOrientationPortrait;
				LD_RUNPATH_SEARCH_PATHS = (
					"$(inherited)",
					"@executable_path/Frameworks",
				);
				MARKETING_VERSION = 1.0;
				PRODUCT_BUNDLE_IDENTIFIER = com.yanunsey.ThePriceIsRight;
				PRODUCT_NAME = "$(TARGET_NAME)";
				SWIFT_EMIT_LOC_STRINGS = YES;
				SWIFT_VERSION = 5.0;
				TARGETED_DEVICE_FAMILY = 1;
			};
			name = Release;
		};
/* End XCBuildConfiguration section */

/* Begin XCConfigurationList section */
		13957D6E296DF08F00D176DE /* Build configuration list for PBXProject "ThePriceIsRight" */ = {
			isa = XCConfigurationList;
			buildConfigurations = (
				13957D85296DF09000D176DE /* Debug */,
				13957D86296DF09000D176DE /* Release */,
			);
			defaultConfigurationIsVisible = 0;
			defaultConfigurationName = Release;
		};
		13957D87296DF09000D176DE /* Build configuration list for PBXNativeTarget "ThePriceIsRight" */ = {
			isa = XCConfigurationList;
			buildConfigurations = (
				13957D88296DF09000D176DE /* Debug */,
				13957D89296DF09000D176DE /* Release */,
			);
			defaultConfigurationIsVisible = 0;
			defaultConfigurationName = Release;
		};
/* End XCConfigurationList section */
	};
	rootObject = 13957D6B296DF08F00D176DE /* Project object */;
}
